
Microsoft Visual Studio Solution File, Format Version 12.00
# Visual Studio Version 17
VisualStudioVersion = 17.7.34202.233
MinimumVisualStudioVersion = 10.0.40219.1
Project("{FAE04EC0-301F-11D3-BF4B-00C04F79EFBC}") = "Sheenam.Api", "Sheenam.Api\Sheenam.Api.csproj", "{8931D02D-3351-4540-8519-864D72A07190}"
EndProject
Global
	GlobalSection(SolutionConfigurationPlatforms) = preSolution
		Debug|Any CPU = Debug|Any CPU
		Release|Any CPU = Release|Any CPU
	EndGlobalSection
	GlobalSection(ProjectConfigurationPlatforms) = postSolution
		{8931D02D-3351-4540-8519-864D72A07190}.Debug|Any CPU.ActiveCfg = Debug|Any CPU
		{8931D02D-3351-4540-8519-864D72A07190}.Debug|Any CPU.Build.0 = Debug|Any CPU
		{8931D02D-3351-4540-8519-864D72A07190}.Release|Any CPU.ActiveCfg = Release|Any CPU
		{8931D02D-3351-4540-8519-864D72A07190}.Release|Any CPU.Build.0 = Release|Any CPU
	EndGlobalSection
	GlobalSection(SolutionProperties) = preSolution
		HideSolutionNode = FALSE
	EndGlobalSection
	GlobalSection(ExtensibilityGlobals) = postSolution
		SolutionGuid = {23406119-47B8-4BF7-87C0-A73A76CB6BC0}
	EndGlobalSection
EndGlobal
