
Microsoft Visual Studio Solution File, Format Version 12.00
# Visual Studio Version 17
VisualStudioVersion = 17.7.34202.233
MinimumVisualStudioVersion = 10.0.40219.1
Project("{9A19103F-16F7-4668-BE54-9A1E7A4F7556}") = "Sheenam.Api", "Sheenam.Api\Sheenam.Api.csproj", "{8931D02D-3351-4540-8519-864D72A07190}"
EndProject
Project("{9A19103F-16F7-4668-BE54-9A1E7A4F7556}") = "Sheenam.Api.Unit", "Sheenam.Api.Unit\Sheenam.Api.Unit.csproj", "{4BE67986-1112-45CF-A618-EFAB3AF7F4A0}"
EndProject
Project("{FAE04EC0-301F-11D3-BF4B-00C04F79EFBC}") = "Sheenam.Api.Infrastructure.Build", "Sheenam.Api.Infrastructure.Build\Sheenam.Api.Infrastructure.Build.csproj", "{0AAAF0D5-5204-404E-A6A6-C2CDE2BDF02F}"
EndProject
Global
	GlobalSection(SolutionConfigurationPlatforms) = preSolution
		Debug|Any CPU = Debug|Any CPU
		Release|Any CPU = Release|Any CPU
	EndGlobalSection
	GlobalSection(ProjectConfigurationPlatforms) = postSolution
		{8931D02D-3351-4540-8519-864D72A07190}.Debug|Any CPU.ActiveCfg = Debug|Any CPU
		{8931D02D-3351-4540-8519-864D72A07190}.Debug|Any CPU.Build.0 = Debug|Any CPU
		{8931D02D-3351-4540-8519-864D72A07190}.Release|Any CPU.ActiveCfg = Release|Any CPU
		{8931D02D-3351-4540-8519-864D72A07190}.Release|Any CPU.Build.0 = Release|Any CPU
		{4BE67986-1112-45CF-A618-EFAB3AF7F4A0}.Debug|Any CPU.ActiveCfg = Debug|Any CPU
		{4BE67986-1112-45CF-A618-EFAB3AF7F4A0}.Debug|Any CPU.Build.0 = Debug|Any CPU
		{4BE67986-1112-45CF-A618-EFAB3AF7F4A0}.Release|Any CPU.ActiveCfg = Release|Any CPU
		{4BE67986-1112-45CF-A618-EFAB3AF7F4A0}.Release|Any CPU.Build.0 = Release|Any CPU
		{0AAAF0D5-5204-404E-A6A6-C2CDE2BDF02F}.Debug|Any CPU.ActiveCfg = Debug|Any CPU
		{0AAAF0D5-5204-404E-A6A6-C2CDE2BDF02F}.Debug|Any CPU.Build.0 = Debug|Any CPU
		{0AAAF0D5-5204-404E-A6A6-C2CDE2BDF02F}.Release|Any CPU.ActiveCfg = Release|Any CPU
		{0AAAF0D5-5204-404E-A6A6-C2CDE2BDF02F}.Release|Any CPU.Build.0 = Release|Any CPU
	EndGlobalSection
	GlobalSection(SolutionProperties) = preSolution
		HideSolutionNode = FALSE
	EndGlobalSection
	GlobalSection(ExtensibilityGlobals) = postSolution
		SolutionGuid = {23406119-47B8-4BF7-87C0-A73A76CB6BC0}
	EndGlobalSection
EndGlobal
